# This file was autogenerated by uv via the following command:
#    uv pip compile requirements.txt -o requirements.lock
aiohappyeyeballs==2.7.1
    # via aiohttp
aiohttp==3.14.3
    # via
    #   deepeval
    #   fsspec
    #   instructor
    #   langchain-community
aiosignal==1.4.0
    # via aiohttp
annotated-doc==0.0.5
    # via typer
annotated-types==0.8.0
    # via pydantic
anyio==4.15.1
    # via
    #   httpx
    #   httpx2
    #   langsmith
    #   openai
appdirs==1.4.4
    # via ragas
attrs==26.1.0
    # via aiohttp
backoff==2.2.1
    # via posthog
certifi==2026.7.22
    # via
    #   httpcore
    #   httpx
    #   requests
    #   sentry-sdk
charset-normalizer==3.5.2
    # via requests
click==8.3.3
    # via
    #   deepeval
    #   instructor
dataclasses-json==0.6.7
    # via langchain-community
datasets==5.0.1
    # via ragas
deepeval==4.1.5
    # via -r requirements.txt
dill==0.4.1
    # via
    #   datasets
    #   multiprocess
diskcache==5.6.3
    # via ragas
distro==1.9.0
    # via
    #   langsmith
    #   openai
    #   posthog
docstring-parser==0.18.0
    # via instructor
execnet==2.1.2
    # via pytest-xdist
filelock==4.0.7
    # via
    #   datasets
    #   huggingface-hub
frozenlist==1.8.0
    # via
    #   aiohttp
    #   aiosignal
fsspec==2026.6.0
    # via
    #   datasets
    #   huggingface-hub
grpcio==1.84.0
    # via deepeval
h11==0.16.0
    # via
    #   httpcore
    #   httpcore2
hf-xet==1.6.0
    # via huggingface-hub
httpcore==1.0.9
    # via httpx
httpcore2==2.13.1
    # via httpx2
httpx==0.28.1
    # via
    #   datasets
    #   huggingface-hub
    #   openai
httpx-sse==0.4.3
    # via langchain-community
httpx2==2.13.1
    # via langsmith
huggingface-hub==1.16.1
    # via datasets
idna==3.20
    # via
    #   anyio
    #   httpx
    #   httpx2
    #   instructor
    #   requests
    #   yarl
iniconfig==2.3.0
    # via pytest
instructor==1.17.0
    # via ragas
jinja2==3.1.6
    # via
    #   deepeval
    #   instructor
jiter==0.14.0
    # via
    #   instructor
    #   openai
jsonpatch==1.33
    # via langchain-core
jsonpointer==3.1.1
    # via jsonpatch
langchain==0.3.30
    # via
    #   langchain-community
    #   ragas
langchain-community==0.3.31
    # via
    #   -r requirements.txt
    #   ragas
langchain-core==0.3.86
    # via
    #   langchain
    #   langchain-community
    #   langchain-openai
    #   langchain-text-splitters
    #   ragas
langchain-openai==0.3.35
    # via
    #   -r requirements.txt
    #   ragas
langchain-text-splitters==0.3.11
    # via langchain
langsmith==0.14.1
    # via
    #   langchain
    #   langchain-community
    #   langchain-core
markdown-it-py==4.2.0
    # via rich
markupsafe==3.0.3
    # via jinja2
marshmallow==3.26.2
    # via dataclasses-json
mdurl==0.1.2
    # via markdown-it-py
multidict==6.9.1
    # via
    #   aiohttp
    #   yarl
multiprocess==0.70.19
    # via datasets
mypy-extensions==1.1.0
    # via typing-inspect
nest-asyncio==1.6.0
    # via
    #   deepeval
    #   ragas
networkx==3.7
    # via ragas
numpy==2.5.3
    # via
    #   datasets
    #   langchain-community
    #   pandas
    #   ragas
    #   scikit-network
    #   scipy
openai==2.54.0
    # via
    #   -r requirements.txt
    #   deepeval
    #   instructor
    #   langchain-openai
    #   ragas
opentelemetry-api==1.45.0
    # via
    #   deepeval
    #   opentelemetry-sdk
    #   opentelemetry-semantic-conventions
opentelemetry-sdk==1.45.0
    # via deepeval
opentelemetry-semantic-conventions==0.66b0
    # via opentelemetry-sdk
orjson==3.12.0
    # via langsmith
packaging==25.0
    # via
    #   datasets
    #   huggingface-hub
    #   langchain-core
    #   langsmith
    #   marshmallow
    #   pytest
    #   pytest-rerunfailures
    #   wheel
pandas==3.0.6
    # via datasets
pillow==12.3.0
    # via ragas
pluggy==1.6.0
    # via pytest
portalocker==4.4.0
    # via deepeval
posthog==7.60.2
    # via deepeval
prompt-toolkit==3.0.53
    # via questionary
propcache==0.5.4
    # via
    #   aiohttp
    #   yarl
pyarrow==25.0.1
    # via datasets
pydantic==2.13.5
    # via
    #   -r requirements.txt
    #   deepeval
    #   instructor
    #   langchain
    #   langchain-core
    #   langsmith
    #   openai
    #   pydantic-settings
    #   ragas
pydantic-core==2.46.5
    # via
    #   instructor
    #   pydantic
pydantic-settings==2.15.0
    # via
    #   deepeval
    #   langchain-community
pyfiglet==1.0.4
    # via deepeval
pygments==2.21.0
    # via
    #   pytest
    #   rich
pytest==9.1.1
    # via
    #   -r requirements.txt
    #   deepeval
    #   pytest-asyncio
    #   pytest-repeat
    #   pytest-rerunfailures
    #   pytest-xdist
pytest-asyncio==1.4.0
    # via deepeval
pytest-repeat==0.9.4
    # via deepeval
pytest-rerunfailures==16.7
    # via deepeval
pytest-xdist==3.8.0
    # via deepeval
python-dateutil==2.9.0.post0
    # via pandas
python-dotenv==1.2.3
    # via
    #   -r requirements.txt
    #   deepeval
    #   pydantic-settings
pyyaml==6.0.3
    # via
    #   datasets
    #   huggingface-hub
    #   langchain
    #   langchain-community
    #   langchain-core
questionary==2.1.1
    # via deepeval
ragas==0.4.3
    # via -r requirements.txt
regex==2026.9.29
    # via
    #   instructor
    #   tiktoken
requests==2.34.2
    # via
    #   datasets
    #   deepeval
    #   instructor
    #   langchain
    #   langchain-community
    #   langsmith
    #   posthog
    #   requests-toolbelt
    #   tiktoken
requests-toolbelt==1.0.0
    # via langsmith
rich==14.3.4
    # via
    #   deepeval
    #   instructor
    #   ragas
    #   typer
scikit-network==0.33.5
    # via ragas
scipy==1.18.1
    # via scikit-network
sentry-sdk==2.71.0
    # via deepeval
setuptools==84.0.0
    # via deepeval
shellingham==1.5.4
    # via typer
six==1.17.0
    # via python-dateutil
sniffio==1.3.1
    # via
    #   langsmith
    #   openai
sqlalchemy==2.1.1
    # via
    #   langchain
    #   langchain-community
tabulate==0.9.0
    # via deepeval
tenacity==9.1.4
    # via
    #   deepeval
    #   instructor
    #   langchain-community
    #   langchain-core
tiktoken==0.14.0
    # via
    #   langchain-openai
    #   ragas
tqdm==4.70.1
    # via
    #   datasets
    #   deepeval
    #   huggingface-hub
    #   openai
    #   ragas
truststore==0.10.4
    # via
    #   httpcore2
    #   httpx2
typer==0.27.2
    # via
    #   deepeval
    #   huggingface-hub
    #   instructor
    #   ragas
typing-extensions==4.16.0
    # via
    #   aiohttp
    #   aiosignal
    #   anyio
    #   grpcio
    #   httpx2
    #   huggingface-hub
    #   langchain-core
    #   langsmith
    #   openai
    #   opentelemetry-api
    #   opentelemetry-sdk
    #   opentelemetry-semantic-conventions
    #   posthog
    #   pydantic
    #   pydantic-core
    #   pytest-asyncio
    #   sqlalchemy
    #   typing-inspect
    #   typing-inspection
typing-inspect==0.9.0
    # via dataclasses-json
typing-inspection==0.4.4
    # via
    #   pydantic
    #   pydantic-settings
urllib3==2.8.0
    # via
    #   instructor
    #   requests
    #   sentry-sdk
uuid-utils==0.17.1
    # via
    #   langchain-core
    #   langsmith
wcwidth==0.9.1
    # via prompt-toolkit
websockets==17.1
    # via langsmith
wheel==0.48.0
    # via deepeval
xxhash==4.0.1
    # via
    #   datasets
    #   langsmith
yarl==1.25.1
    # via aiohttp
zstandard==0.25.0
    # via langsmith
